<?xml version="1.0" encoding="utf-8"?>
<Project ToolsVersion="4.0" xmlns="http://schemas.microsoft.com/developer/msbuild/2003">
  <ItemGroup>
    <Filter Include="Исходные файлы">
      <UniqueIdentifier>{4FC737F1-C7A5-4376-A066-2A32D752A2FF}</UniqueIdentifier>
      <Extensions>cpp;c;cc;cxx;c++;cppm;ixx;def;odl;idl;hpj;bat;asm;asmx</Extensions>
    </Filter>
    <Filter Include="Файлы заголовков">
      <UniqueIdentifier>{93995380-89BD-4b04-88EB-625FBE52EBFB}</UniqueIdentifier>
      <Extensions>h;hh;hpp;hxx;h++;hm;inl;inc;ipp;xsd</Extensions>
    </Filter>
    <Filter Include="Файлы ресурсов">
      <UniqueIdentifier>{67DA6AB6-F800-4c08-8B7A-83BB121AAD01}</UniqueIdentifier>
      <Extensions>rc;ico;cur;bmp;dlg;rc2;rct;bin;rgs;gif;jpg;jpeg;jpe;resx;tiff;tif;png;wav;mfcribbon-ms</Extensions>
    </Filter>
  </ItemGroup>
  <ItemGroup>
    <ClCompile Include="spellTest2.cpp">
      <Filter>Исходные файлы</Filter>
    </ClCompile>
    <ClCompile Include="hunspell\affentry.cxx">
      <Filter>Исходные файлы</Filter>
    </ClCompile>
    <ClCompile Include="hunspell\affixmgr.cxx">
      <Filter>Исходные файлы</Filter>
    </ClCompile>
    <ClCompile Include="hunspell\csutil.cxx">
      <Filter>Исходные файлы</Filter>
    </ClCompile>
    <ClCompile Include="hunspell\filemgr.cxx">
      <Filter>Исходные файлы</Filter>
    </ClCompile>
    <ClCompile Include="hunspell\hashmgr.cxx">
      <Filter>Исходные файлы</Filter>
    </ClCompile>
    <ClCompile Include="hunspell\hunspell.cxx">
      <Filter>Исходные файлы</Filter>
    </ClCompile>
    <ClCompile Include="hunspell\hunzip.cxx">
      <Filter>Исходные файлы</Filter>
    </ClCompile>
    <ClCompile Include="hunspell\phonet.cxx">
      <Filter>Исходные файлы</Filter>
    </ClCompile>
    <ClCompile Include="hunspell\replist.cxx">
      <Filter>Исходные файлы</Filter>
    </ClCompile>
    <ClCompile Include="hunspell\suggestmgr.cxx">
      <Filter>Исходные файлы</Filter>
    </ClCompile>
  </ItemGroup>
  <ItemGroup>
    <ClInclude Include="hunspell\affentry.hxx">
      <Filter>Файлы заголовков</Filter>
    </ClInclude>
    <ClInclude Include="hunspell\affixmgr.hxx">
      <Filter>Файлы заголовков</Filter>
    </ClInclude>
    <ClInclude Include="hunspell\atypes.hxx">
      <Filter>Файлы заголовков</Filter>
    </ClInclude>
    <ClInclude Include="hunspell\baseaffix.hxx">
      <Filter>Файлы заголовков</Filter>
    </ClInclude>
    <ClInclude Include="hunspell\csutil.hxx">
      <Filter>Файлы заголовков</Filter>
    </ClInclude>
    <ClInclude Include="hunspell\filemgr.hxx">
      <Filter>Файлы заголовков</Filter>
    </ClInclude>
    <ClInclude Include="hunspell\hashmgr.hxx">
      <Filter>Файлы заголовков</Filter>
    </ClInclude>
    <ClInclude Include="hunspell\htypes.hxx">
      <Filter>Файлы заголовков</Filter>
    </ClInclude>
    <ClInclude Include="hunspell\hunspell.h">
      <Filter>Файлы заголовков</Filter>
    </ClInclude>
    <ClInclude Include="hunspell\hunspell.hxx">
      <Filter>Файлы заголовков</Filter>
    </ClInclude>
    <ClInclude Include="hunspell\hunvisapi.h">
      <Filter>Файлы заголовков</Filter>
    </ClInclude>
    <ClInclude Include="hunspell\hunzip.hxx">
      <Filter>Файлы заголовков</Filter>
    </ClInclude>
    <ClInclude Include="hunspell\langnum.hxx">
      <Filter>Файлы заголовков</Filter>
    </ClInclude>
    <ClInclude Include="hunspell\phonet.hxx">
      <Filter>Файлы заголовков</Filter>
    </ClInclude>
    <ClInclude Include="hunspell\replist.hxx">
      <Filter>Файлы заголовков</Filter>
    </ClInclude>
    <ClInclude Include="hunspell\suggestmgr.hxx">
      <Filter>Файлы заголовков</Filter>
    </ClInclude>
    <ClInclude Include="hunspell\utf_info.hxx">
      <Filter>Файлы заголовков</Filter>
    </ClInclude>
    <ClInclude Include="hunspell\w_char.hxx">
      <Filter>Файлы заголовков</Filter>
    </ClInclude>
  </ItemGroup>
  <ItemGroup>
    <None Include="en_EN.aff">
      <Filter>Файлы ресурсов</Filter>
    </None>
    <None Include="en_EN.dic">
      <Filter>Файлы ресурсов</Filter>
    </None>
    <None Include="ru_RU.aff">
      <Filter>Файлы ресурсов</Filter>
    </None>
    <None Include="ru_RU.dic">
      <Filter>Файлы ресурсов</Filter>
    </None>
  </ItemGroup>
</Project>